Microsoft Visual Studio Solution File, Format Version 12.00
# Visual Studio Version 17
VisualStudioVersion = 17.5.2.0
MinimumVisualStudioVersion = 10.0.40219.1
Project("{FAE04EC0-301F-11D3-BF4B-00C04F79EFBC}") = "RoomBooking", "RoomBooking.csproj", "{40E24483-D144-88AF-3AFD-D19A40D8615B}"
EndProject
Global
	GlobalSection(SolutionConfigurationPlatforms) = preSolution
		Debug|Any CPU = Debug|Any CPU
		Release|Any CPU = Release|Any CPU
	EndGlobalSection
	GlobalSection(ProjectConfigurationPlatforms) = postSolution
		{40E24483-D144-88AF-3AFD-D19A40D8615B}.Debug|Any CPU.ActiveCfg = Debug|Any CPU
		{40E24483-D144-88AF-3AFD-D19A40D8615B}.Debug|Any CPU.Build.0 = Debug|Any CPU
		{40E24483-D144-88AF-3AFD-D19A40D8615B}.Release|Any CPU.ActiveCfg = Release|Any CPU
		{40E24483-D144-88AF-3AFD-D19A40D8615B}.Release|Any CPU.Build.0 = Release|Any CPU
	EndGlobalSection
	GlobalSection(SolutionProperties) = preSolution
		HideSolutionNode = FALSE
	EndGlobalSection
	GlobalSection(ExtensibilityGlobals) = postSolution
		SolutionGuid = {5B2BDAC8-B3F3-4513-BC69-0990397B3B1E}
	EndGlobalSection
EndGlobal
